schema: '2.0'
stages:
  run-bias:
    cmd: python run-algo.py BIAS
    deps:
    - path: data/ml-20m-split
      md5: b0cd4681f50b4e11c4ba40d36e71f351.dir
      size: 647220813
      nfiles: 10
    outs:
    - path: recs/BIAS
      md5: d1508298e91a73e355ce704f51eda64a.dir
      size: 2676225
      nfiles: 5
  run-pop:
    cmd: python run-algo.py POP
    deps:
    - path: data/ml-20m-split
      md5: b0cd4681f50b4e11c4ba40d36e71f351.dir
      size: 647220813
      nfiles: 10
    outs:
    - path: recs/POP
      md5: c24cbfdf1708e33fab42b96aff3539c1.dir
      size: 4765172
      nfiles: 5
  run-pop@ml-latest-small:
    cmd: python run-algo.py -d data/ml-latest-small-split -p ml-latest-small POP
    deps:
    - path: data/ml-latest-small-split
      md5: 80a2dd7a24400ecc193edda5e350054d.dir
      size: 4170563
      nfiles: 10
    outs:
    - path: recs/ml-latest-small-POP
      md5: e08fb1e012ac3111a0db527a9ec2817e.dir
      size: 41041
      nfiles: 5
  run-pop@ml-20m:
    cmd: python run-algo.py -d data/ml-20m-split -p ml-20m POP
    deps:
    - path: data/ml-20m-split
      md5: b0cd4681f50b4e11c4ba40d36e71f351.dir
      size: 647220813
      nfiles: 10
    outs:
    - path: recs/ml-20m-POP
      md5: c2e811ff2211b2e2895f5c06660d8081.dir
      size: 4765462
      nfiles: 5
  run-bias@ml-20m:
    cmd: python run-algo.py -d data/ml-20m-split -p ml-20m BIAS
    deps:
    - path: data/ml-20m-split
      md5: b0cd4681f50b4e11c4ba40d36e71f351.dir
      size: 647220813
      nfiles: 10
    outs:
    - path: preds/ml-20m-BIAS
      md5: 0fadbdcb0da031e6e4c33606914f9ea3.dir
      size: 14608296
      nfiles: 5
    - path: recs/ml-20m-BIAS
      md5: 63edd18a34ea8f23af05e002574017e2.dir
      size: 2676515
      nfiles: 5
  run-bias@ml-latest-small:
    cmd: python run-algo.py -d data/ml-latest-small-split -p ml-latest-small BIAS
    deps:
    - path: data/ml-latest-small-split
      md5: 80a2dd7a24400ecc193edda5e350054d.dir
      size: 4170563
      nfiles: 10
    outs:
    - path: preds/ml-latest-small-BIAS
      md5: 43d4afe5f1d4fa19505c5eecebd58be8.dir
      size: 81883
      nfiles: 5
    - path: recs/ml-latest-small-BIAS
      md5: 699eca084e96ce8302e8c3325b213ef6.dir
      size: 27414
      nfiles: 5
  run-emf@ml-20m:
    cmd: python run-algo.py -d data/ml-20m-split -p ml-20m E-MF
    deps:
    - path: data/ml-20m-split
      md5: b0cd4681f50b4e11c4ba40d36e71f351.dir
      size: 647220813
      nfiles: 10
    outs:
    - path: preds/ml-20m-E-MF
      md5: cc3783861ecae48d9f12a72c28800eaf.dir
      size: 14664304
      nfiles: 5
    - path: recs/ml-20m-E-MF
      md5: a8b071021b42c610cc9685d961362da3.dir
      size: 29754666
      nfiles: 5
  run-emf@ml-latest-small:
    cmd: python run-algo.py -d data/ml-latest-small-split -p ml-latest-small E-MF
    deps:
    - path: data/ml-latest-small-split
      md5: 80a2dd7a24400ecc193edda5e350054d.dir
      size: 4170563
      nfiles: 10
    outs:
    - path: preds/ml-latest-small-E-MF
      md5: 27a0cde5f90fc04bafe46507cebd2cfd.dir
      size: 81690
      nfiles: 5
    - path: recs/ml-latest-small-E-MF
      md5: 86607de27edab4be9967ec705bfa60ee.dir
      size: 167222
      nfiles: 5
  run-imf@ml-latest-small:
    cmd: python run-algo.py -d data/ml-latest-small-split -p ml-latest-small I-MF
    deps:
    - path: data/ml-latest-small-split
      md5: 80a2dd7a24400ecc193edda5e350054d.dir
      size: 4170563
      nfiles: 10
    outs:
    - path: recs/ml-latest-small-I-MF
      md5: 00004da8aff7c5157bb0422372377ca9.dir
      size: 168750
      nfiles: 5
  run-imf@ml-20m:
    cmd: python run-algo.py -d data/ml-20m-split -p ml-20m I-MF
    deps:
    - path: data/ml-20m-split
      md5: b0cd4681f50b4e11c4ba40d36e71f351.dir
      size: 647220813
      nfiles: 10
    outs:
    - path: recs/ml-20m-I-MF
      md5: 81b030257ac0098e0dcf26b60d1a67cc.dir
      size: 29229459
      nfiles: 5
  run-imf1@ml-latest-small:
    cmd: python run-algo.py -d data/ml-latest-small-split -p ml-latest-small TorchIMF1
    deps:
    - path: data/ml-latest-small-split
      md5: 80a2dd7a24400ecc193edda5e350054d.dir
      size: 4170563
      nfiles: 10
    outs:
    - path: recs/ml-latest-small-TorchIMF1
      md5: 231fc68a0b044ed05addc5ac56f135d8.dir
      size: 102719
      nfiles: 5
  run-torchmf@ml-latest-small:
    cmd: python run-algo.py -d data/ml-latest-small-split -p ml-latest-small TorchMF
    deps:
    - path: data/ml-latest-small-split
      md5: 80a2dd7a24400ecc193edda5e350054d.dir
      size: 4170563
      nfiles: 10
    outs:
    - path: preds/ml-latest-small-TorchMF
      md5: b0356e9fe6335cd7245596efd9952d27.dir
      size: 69442
      nfiles: 5
    - path: recs/ml-latest-small-TorchMF
      md5: c0e7c4aaabc6a4408141b79f63c9a98e.dir
      size: 103862
      nfiles: 5
  run-lift@ml-20m:
    cmd: python run-algo.py -d data/ml-20m-split -p ml-20m LIFT
    deps:
    - path: data/ml-20m-split
      md5: b0cd4681f50b4e11c4ba40d36e71f351.dir
      size: 647220813
      nfiles: 10
    outs:
    - path: recs/ml-20m-LIFT
      md5: de21a5c1988661d69e0b84bc43a66682.dir
      size: 17883756
      nfiles: 5
  run-lift@ml-latest-small:
    cmd: python run-algo.py -d data/ml-latest-small-split -p ml-latest-small LIFT
    deps:
    - path: data/ml-latest-small-split
      md5: 80a2dd7a24400ecc193edda5e350054d.dir
      size: 4170563
      nfiles: 10
    outs:
    - path: recs/ml-latest-small-LIFT
      md5: 83f1abcbd4dd9eae9d41b6efa7bfcf19.dir
      size: 87773
      nfiles: 5
  run-torchmf@ml-20m:
    cmd: python run-algo.py -d data/ml-20m-split -p ml-20m TorchMF
    deps:
    - path: data/ml-20m-split
      md5: b0cd4681f50b4e11c4ba40d36e71f351.dir
      size: 647220813
      nfiles: 10
    outs:
    - path: preds/ml-20m-TorchMF
      md5: 0914db218be7630b899f40e512c0f8d5.dir
      size: 11941503
      nfiles: 5
    - path: recs/ml-20m-TorchMF
      md5: 435976fd3a32e9cf55eb5be437b6da9b.dir
      size: 19776725
      nfiles: 5
  run-imf1@ml-20m:
    cmd: python run-algo.py -d data/ml-20m-split -p ml-20m TorchIMF1
    deps:
    - path: data/ml-20m-split
      md5: b0cd4681f50b4e11c4ba40d36e71f351.dir
      size: 647220813
      nfiles: 10
    outs:
    - path: recs/ml-20m-TorchIMF1
      md5: 3aac7b49ed4101e7a241da64eca912f0.dir
      size: 18739276
      nfiles: 5
  run-bpr@ml-latest-small:
    cmd: python run-algo.py -d data/ml-latest-small-split -p ml-latest-small BPR
    deps:
    - path: data/ml-latest-small-split
      md5: 80a2dd7a24400ecc193edda5e350054d.dir
      size: 4170563
      nfiles: 10
    outs:
    - path: recs/ml-latest-small-BPR
      md5: c38f4738d42404f9535d440b83851496.dir
      size: 117173
      nfiles: 5
  run-samp-lmf@ml-latest-small:
    cmd: python run-algo.py -d data/ml-latest-small-split -p ml-latest-small SampLMF
    deps:
    - path: data/ml-latest-small-split
      md5: 80a2dd7a24400ecc193edda5e350054d.dir
      size: 4170563
      nfiles: 10
    outs:
    - path: recs/ml-latest-small-SampLMF
      md5: 172500cffbb0f1387984e795ef80a1d1.dir
      size: 117330
      nfiles: 5
  run-samp-lmf@ml-20m:
    cmd: python run-algo.py -d data/ml-20m-split -p ml-20m SampLMF
    deps:
    - path: data/ml-20m-split
      md5: b0cd4681f50b4e11c4ba40d36e71f351.dir
      size: 647220813
      nfiles: 10
    outs:
    - path: recs/ml-20m-SampLMF
      md5: 0b14c15a1535db4acb012b3b4823bca7.dir
      size: 19434533
      nfiles: 5
  run-lmf@ml-latest-small:
    cmd: python run-algo.py -d data/ml-latest-small-split -p ml-latest-small TorchLMF
    deps:
    - path: data/ml-latest-small-split
      md5: 80a2dd7a24400ecc193edda5e350054d.dir
      size: 4170563
      nfiles: 10
    outs:
    - path: recs/ml-latest-small-TorchLMF
      md5: 810075adc686589941cdb389b8e623d0.dir
      size: 103010
      nfiles: 5
  run-lmf@ml-20m:
    cmd: python run-algo.py -d data/ml-20m-split -p ml-20m TorchLMF
    deps:
    - path: data/ml-20m-split
      md5: b0cd4681f50b4e11c4ba40d36e71f351.dir
      size: 647220813
      nfiles: 10
    outs:
    - path: recs/ml-20m-TorchLMF
      md5: 389afb5dee5645e0183b79bc44a4e2b1.dir
      size: 19094422
      nfiles: 5
  run-bpr@ml-20m:
    cmd: python run-algo.py -d data/ml-20m-split -p ml-20m BPR
    deps:
    - path: data/ml-20m-split
      md5: b0cd4681f50b4e11c4ba40d36e71f351.dir
      size: 647220813
      nfiles: 10
    outs:
    - path: recs/ml-20m-BPR
      md5: 9807fb11d6769078c6fc2e3517449f79.dir
      size: 19079181
      nfiles: 5
  default-tag-emf@ml-latest-small:
    cmd: python run-algo.py -d data/ml-latest-small-split -p ml-latest-small-default
      --tags data/ml-latest-small TagEMF
    deps:
    - path: data/ml-latest-small
      md5: c4679a5c26767acd3f6d42cdf57bc0e7.dir
      size: 3303135
      nfiles: 5
    - path: data/ml-latest-small-split
      md5: 80a2dd7a24400ecc193edda5e350054d.dir
      size: 4170563
      nfiles: 10
    outs:
    - path: preds/ml-latest-small-default-TagEMF
      md5: e3c04dbec873fd54fae1e5109ee35318.dir
      size: 69442
      nfiles: 5
    - path: recs/ml-latest-small-default-TagEMF
      md5: f0ef6d860b457ff9283330cf4fb5dd09.dir
      size: 109677
      nfiles: 5
  default-tag-emf@ml-20m:
    cmd: python run-algo.py -d data/ml-20m-split -p ml-20m-default --tags data/ml-20m
      TagEMF
    deps:
    - path: data/ml-20m
      md5: c330ca8a1a4009f53451a8aeaa325d91.dir
      size: 875588784
      nfiles: 7
    - path: data/ml-20m-split
      md5: b0cd4681f50b4e11c4ba40d36e71f351.dir
      size: 647220813
      nfiles: 10
    outs:
    - path: preds/ml-20m-default-TagEMF
      md5: 1d9e3b7120e6baf91a3d71da192d731e.dir
      size: 11942179
      nfiles: 5
    - path: recs/ml-20m-default-TagEMF
      md5: d3cedf59d2afa5e19ee7adc37a107c4f.dir
      size: 20253293
      nfiles: 5
  default-bpr@ml-latest-small:
    cmd: python run-algo.py -d data/ml-latest-small-split -p ml-latest-small-default
      BPR
    deps:
    - path: data/ml-latest-small-split
      md5: 80a2dd7a24400ecc193edda5e350054d.dir
      size: 4170563
      nfiles: 10
    outs:
    - path: recs/ml-latest-small-default-BPR
      md5: 345ccdaa9e74a772724d6058661ec25c.dir
      size: 117338
      nfiles: 5
  default-imf@ml-latest-small:
    cmd: python run-algo.py -d data/ml-latest-small-split -p ml-latest-small-default
      I-MF
    deps:
    - path: data/ml-latest-small-split
      md5: 80a2dd7a24400ecc193edda5e350054d.dir
      size: 4170563
      nfiles: 10
    outs:
    - path: recs/ml-latest-small-default-I-MF
      md5: bf8d7cfd70b8daac26344f2da1b6f0eb.dir
      size: 168851
      nfiles: 5
  default-user-lmf@ml-20m:
    cmd: python run-algo.py -d data/ml-20m-split -p ml-20m-default UserLMF
    deps:
    - path: data/ml-20m-split
      md5: b0cd4681f50b4e11c4ba40d36e71f351.dir
      size: 647220813
      nfiles: 10
    outs:
    - path: recs/ml-20m-default-UserLMF
      md5: aca3ab584a631333e75c346ee2fca139.dir
      size: 19094502
      nfiles: 5
  default-lift@ml-latest-small:
    cmd: python run-algo.py -d data/ml-latest-small-split -p ml-latest-small-default
      LIFT
    deps:
    - path: data/ml-latest-small-split
      md5: 80a2dd7a24400ecc193edda5e350054d.dir
      size: 4170563
      nfiles: 10
    outs:
    - path: recs/ml-latest-small-default-LIFT
      md5: 83f1abcbd4dd9eae9d41b6efa7bfcf19.dir
      size: 87773
      nfiles: 5
  default-bpr@ml-20m:
    cmd: python run-algo.py -d data/ml-20m-split -p ml-20m-default BPR
    deps:
    - path: data/ml-20m-split
      md5: b0cd4681f50b4e11c4ba40d36e71f351.dir
      size: 647220813
      nfiles: 10
    outs:
    - path: recs/ml-20m-default-BPR
      md5: 03bb99531e43f7d130279ad2772f3a5a.dir
      size: 19079127
      nfiles: 5
  default-user-lmf@ml-latest-small:
    cmd: python run-algo.py -d data/ml-latest-small-split -p ml-latest-small-default
      UserLMF
    deps:
    - path: data/ml-latest-small-split
      md5: 80a2dd7a24400ecc193edda5e350054d.dir
      size: 4170563
      nfiles: 10
    outs:
    - path: recs/ml-latest-small-default-UserLMF
      md5: 5a9699a37b70e605c40a669f120dbf6f.dir
      size: 103109
      nfiles: 5
  default-bias@ml-20m:
    cmd: python run-algo.py -d data/ml-20m-split -p ml-20m-default BIAS
    deps:
    - path: data/ml-20m-split
      md5: b0cd4681f50b4e11c4ba40d36e71f351.dir
      size: 647220813
      nfiles: 10
    outs:
    - path: preds/ml-20m-default-BIAS
      md5: 0fadbdcb0da031e6e4c33606914f9ea3.dir
      size: 14608296
      nfiles: 5
    - path: recs/ml-20m-default-BIAS
      md5: 63edd18a34ea8f23af05e002574017e2.dir
      size: 2676515
      nfiles: 5
  default-torchemf@ml-latest-small:
    cmd: python run-algo.py -d data/ml-latest-small-split -p ml-latest-small-default
      TorchEMF
    deps:
    - path: data/ml-latest-small-split
      md5: 80a2dd7a24400ecc193edda5e350054d.dir
      size: 4170563
      nfiles: 10
    outs:
    - path: preds/ml-latest-small-default-TorchEMF
      md5: 77299aeff8953f0325401128bc63b385.dir
      size: 69446
      nfiles: 5
    - path: recs/ml-latest-small-default-TorchEMF
      md5: 91eb5a88b7245da97ba228fc02ba66b0.dir
      size: 103852
      nfiles: 5
  default-pop@ml-20m:
    cmd: python run-algo.py -d data/ml-20m-split -p ml-20m-default POP
    deps:
    - path: data/ml-20m-split
      md5: b0cd4681f50b4e11c4ba40d36e71f351.dir
      size: 647220813
      nfiles: 10
    outs:
    - path: recs/ml-20m-default-POP
      md5: c2e811ff2211b2e2895f5c06660d8081.dir
      size: 4765462
      nfiles: 5
  default-emf@ml-20m:
    cmd: python run-algo.py -d data/ml-20m-split -p ml-20m-default E-MF
    deps:
    - path: data/ml-20m-split
      md5: b0cd4681f50b4e11c4ba40d36e71f351.dir
      size: 647220813
      nfiles: 10
    outs:
    - path: preds/ml-20m-default-E-MF
      md5: 98492ef8f358281c9b84ef5059a9e742.dir
      size: 14664304
      nfiles: 5
    - path: recs/ml-20m-default-E-MF
      md5: e16d15434e3f324d6bad11d6d701c96e.dir
      size: 28494045
      nfiles: 5
  default-imf@ml-20m:
    cmd: python run-algo.py -d data/ml-20m-split -p ml-20m-default I-MF
    deps:
    - path: data/ml-20m-split
      md5: b0cd4681f50b4e11c4ba40d36e71f351.dir
      size: 647220813
      nfiles: 10
    outs:
    - path: recs/ml-20m-default-I-MF
      md5: d0d6e311c225c99d979093ee7beb413c.dir
      size: 29229379
      nfiles: 5
  default-samp-lmf@ml-latest-small:
    cmd: python run-algo.py -d data/ml-latest-small-split -p ml-latest-small-default
      SampLMF
    deps:
    - path: data/ml-latest-small-split
      md5: 80a2dd7a24400ecc193edda5e350054d.dir
      size: 4170563
      nfiles: 10
    outs:
    - path: recs/ml-latest-small-default-SampLMF
      md5: 7217c9243e0aac1cb2e0e3a12f340837.dir
      size: 117257
      nfiles: 5
  default-samp-lmf@ml-20m:
    cmd: python run-algo.py -d data/ml-20m-split -p ml-20m-default SampLMF
    deps:
    - path: data/ml-20m-split
      md5: b0cd4681f50b4e11c4ba40d36e71f351.dir
      size: 647220813
      nfiles: 10
    outs:
    - path: recs/ml-20m-default-SampLMF
      md5: 87ec15eaadaf507248eb14a5a0b6f4f5.dir
      size: 19431114
      nfiles: 5
  default-user-imf@ml-latest-small:
    cmd: python run-algo.py -d data/ml-latest-small-split -p ml-latest-small-default
      UserIMF
    deps:
    - path: data/ml-latest-small-split
      md5: 80a2dd7a24400ecc193edda5e350054d.dir
      size: 4170563
      nfiles: 10
    outs:
    - path: recs/ml-latest-small-default-UserIMF
      md5: ae10926429e879b941b541c21195ef38.dir
      size: 102985
      nfiles: 5
  default-bias@ml-latest-small:
    cmd: python run-algo.py -d data/ml-latest-small-split -p ml-latest-small-default
      BIAS
    deps:
    - path: data/ml-latest-small-split
      md5: 80a2dd7a24400ecc193edda5e350054d.dir
      size: 4170563
      nfiles: 10
    outs:
    - path: preds/ml-latest-small-default-BIAS
      md5: 43d4afe5f1d4fa19505c5eecebd58be8.dir
      size: 81883
      nfiles: 5
    - path: recs/ml-latest-small-default-BIAS
      md5: 699eca084e96ce8302e8c3325b213ef6.dir
      size: 27414
      nfiles: 5
  default-lift@ml-20m:
    cmd: python run-algo.py -d data/ml-20m-split -p ml-20m-default LIFT
    deps:
    - path: data/ml-20m-split
      md5: b0cd4681f50b4e11c4ba40d36e71f351.dir
      size: 647220813
      nfiles: 10
    outs:
    - path: recs/ml-20m-default-LIFT
      md5: de21a5c1988661d69e0b84bc43a66682.dir
      size: 17883756
      nfiles: 5
  default-torchemf@ml-20m:
    cmd: python run-algo.py -d data/ml-20m-split -p ml-20m-default TorchEMF
    deps:
    - path: data/ml-20m-split
      md5: b0cd4681f50b4e11c4ba40d36e71f351.dir
      size: 647220813
      nfiles: 10
    outs:
    - path: preds/ml-20m-default-TorchEMF
      md5: 4575e0b1b534c5575aca1a2079ce0326.dir
      size: 11941837
      nfiles: 5
    - path: recs/ml-20m-default-TorchEMF
      md5: b7a6d112c5c2f733572ba3e98ae93af7.dir
      size: 19777273
      nfiles: 5
  default-emf@ml-latest-small:
    cmd: python run-algo.py -d data/ml-latest-small-split -p ml-latest-small-default
      E-MF
    deps:
    - path: data/ml-latest-small-split
      md5: 80a2dd7a24400ecc193edda5e350054d.dir
      size: 4170563
      nfiles: 10
    outs:
    - path: preds/ml-latest-small-default-E-MF
      md5: 798fd357931c266770a14f787a22dc89.dir
      size: 81690
      nfiles: 5
    - path: recs/ml-latest-small-default-E-MF
      md5: 7862327424342f4666e97a1073920f87.dir
      size: 163647
      nfiles: 5
  default-user-imf@ml-20m:
    cmd: python run-algo.py -d data/ml-20m-split -p ml-20m-default UserIMF
    deps:
    - path: data/ml-20m-split
      md5: b0cd4681f50b4e11c4ba40d36e71f351.dir
      size: 647220813
      nfiles: 10
    outs:
    - path: recs/ml-20m-default-UserIMF
      md5: aa083159d7bf146adbd583a5c8144723.dir
      size: 18738607
      nfiles: 5
  default-pop@ml-latest-small:
    cmd: python run-algo.py -d data/ml-latest-small-split -p ml-latest-small-default
      POP
    deps:
    - path: data/ml-latest-small-split
      md5: 80a2dd7a24400ecc193edda5e350054d.dir
      size: 4170563
      nfiles: 10
    outs:
    - path: recs/ml-latest-small-default-POP
      md5: e08fb1e012ac3111a0db527a9ec2817e.dir
      size: 41041
      nfiles: 5
