schema: '2.0'
stages:
  run-bias:
    cmd: python run-algo.py BIAS
    deps:
    - path: data/ml-20m-split
      md5: b0cd4681f50b4e11c4ba40d36e71f351.dir
      size: 647220813
      nfiles: 10
    outs:
    - path: recs/BIAS
      md5: d1508298e91a73e355ce704f51eda64a.dir
      size: 2676225
      nfiles: 5
  run-pop:
    cmd: python run-algo.py POP
    deps:
    - path: data/ml-20m-split
      md5: b0cd4681f50b4e11c4ba40d36e71f351.dir
      size: 647220813
      nfiles: 10
    outs:
    - path: recs/POP
      md5: c24cbfdf1708e33fab42b96aff3539c1.dir
      size: 4765172
      nfiles: 5
  run-pop@ml-latest-small:
    cmd: python run-algo.py -d data/ml-latest-small-split -p ml-latest-small POP
    deps:
    - path: data/ml-latest-small-split
      md5: 80a2dd7a24400ecc193edda5e350054d.dir
      size: 4170563
      nfiles: 10
    outs:
    - path: recs/ml-latest-small-POP
      md5: e08fb1e012ac3111a0db527a9ec2817e.dir
      size: 41041
      nfiles: 5
  run-pop@ml-20m:
    cmd: python run-algo.py -d data/ml-20m-split -p ml-20m POP
    deps:
    - path: data/ml-20m-split
      md5: b0cd4681f50b4e11c4ba40d36e71f351.dir
      size: 647220813
      nfiles: 10
    outs:
    - path: recs/ml-20m-POP
      md5: c2e811ff2211b2e2895f5c06660d8081.dir
      size: 4765462
      nfiles: 5
  run-bias@ml-20m:
    cmd: python run-algo.py -d data/ml-20m-split -p ml-20m BIAS
    deps:
    - path: data/ml-20m-split
      md5: b0cd4681f50b4e11c4ba40d36e71f351.dir
      size: 647220813
      nfiles: 10
    outs:
    - path: preds/ml-20m-BIAS
      md5: 0fadbdcb0da031e6e4c33606914f9ea3.dir
      size: 14608296
      nfiles: 5
    - path: recs/ml-20m-BIAS
      md5: 63edd18a34ea8f23af05e002574017e2.dir
      size: 2676515
      nfiles: 5
  run-bias@ml-latest-small:
    cmd: python run-algo.py -d data/ml-latest-small-split -p ml-latest-small BIAS
    deps:
    - path: data/ml-latest-small-split
      md5: 80a2dd7a24400ecc193edda5e350054d.dir
      size: 4170563
      nfiles: 10
    outs:
    - path: preds/ml-latest-small-BIAS
      md5: 43d4afe5f1d4fa19505c5eecebd58be8.dir
      size: 81883
      nfiles: 5
    - path: recs/ml-latest-small-BIAS
      md5: 699eca084e96ce8302e8c3325b213ef6.dir
      size: 27414
      nfiles: 5
  run-emf@ml-20m:
    cmd: python run-algo.py -d data/ml-20m-split -p ml-20m E-MF
    deps:
    - path: data/ml-20m-split
      md5: b0cd4681f50b4e11c4ba40d36e71f351.dir
      size: 647220813
      nfiles: 10
    outs:
    - path: preds/ml-20m-E-MF
      md5: cc3783861ecae48d9f12a72c28800eaf.dir
      size: 14664304
      nfiles: 5
    - path: recs/ml-20m-E-MF
      md5: a8b071021b42c610cc9685d961362da3.dir
      size: 29754666
      nfiles: 5
  run-emf@ml-latest-small:
    cmd: python run-algo.py -d data/ml-latest-small-split -p ml-latest-small E-MF
    deps:
    - path: data/ml-latest-small-split
      md5: 80a2dd7a24400ecc193edda5e350054d.dir
      size: 4170563
      nfiles: 10
    outs:
    - path: preds/ml-latest-small-E-MF
      md5: 27a0cde5f90fc04bafe46507cebd2cfd.dir
      size: 81690
      nfiles: 5
    - path: recs/ml-latest-small-E-MF
      md5: 86607de27edab4be9967ec705bfa60ee.dir
      size: 167222
      nfiles: 5
  run-imf@ml-latest-small:
    cmd: python run-algo.py -d data/ml-latest-small-split -p ml-latest-small I-MF
    deps:
    - path: data/ml-latest-small-split
      md5: 80a2dd7a24400ecc193edda5e350054d.dir
      size: 4170563
      nfiles: 10
    outs:
    - path: recs/ml-latest-small-I-MF
      md5: 00004da8aff7c5157bb0422372377ca9.dir
      size: 168750
      nfiles: 5
  run-imf@ml-20m:
    cmd: python run-algo.py -d data/ml-20m-split -p ml-20m I-MF
    deps:
    - path: data/ml-20m-split
      md5: b0cd4681f50b4e11c4ba40d36e71f351.dir
      size: 647220813
      nfiles: 10
    outs:
    - path: recs/ml-20m-I-MF
      md5: 81b030257ac0098e0dcf26b60d1a67cc.dir
      size: 29229459
      nfiles: 5
  run-imf1@ml-latest-small:
    cmd: python run-algo.py -d data/ml-latest-small-split -p ml-latest-small TorchIMF1
    deps:
    - path: data/ml-latest-small-split
      md5: 80a2dd7a24400ecc193edda5e350054d.dir
      size: 4170563
      nfiles: 10
    outs:
    - path: recs/ml-latest-small-TorchIMF1
      md5: 231fc68a0b044ed05addc5ac56f135d8.dir
      size: 102719
      nfiles: 5
  run-torchmf@ml-latest-small:
    cmd: python run-algo.py -d data/ml-latest-small-split -p ml-latest-small TorchMF
    deps:
    - path: data/ml-latest-small-split
      md5: 80a2dd7a24400ecc193edda5e350054d.dir
      size: 4170563
      nfiles: 10
    outs:
    - path: preds/ml-latest-small-TorchMF
      md5: b0356e9fe6335cd7245596efd9952d27.dir
      size: 69442
      nfiles: 5
    - path: recs/ml-latest-small-TorchMF
      md5: c0e7c4aaabc6a4408141b79f63c9a98e.dir
      size: 103862
      nfiles: 5
  run-lift@ml-20m:
    cmd: python run-algo.py -d data/ml-20m-split -p ml-20m LIFT
    deps:
    - path: data/ml-20m-split
      md5: b0cd4681f50b4e11c4ba40d36e71f351.dir
      size: 647220813
      nfiles: 10
    outs:
    - path: recs/ml-20m-LIFT
      md5: de21a5c1988661d69e0b84bc43a66682.dir
      size: 17883756
      nfiles: 5
  run-lift@ml-latest-small:
    cmd: python run-algo.py -d data/ml-latest-small-split -p ml-latest-small LIFT
    deps:
    - path: data/ml-latest-small-split
      md5: 80a2dd7a24400ecc193edda5e350054d.dir
      size: 4170563
      nfiles: 10
    outs:
    - path: recs/ml-latest-small-LIFT
      md5: 83f1abcbd4dd9eae9d41b6efa7bfcf19.dir
      size: 87773
      nfiles: 5
  run-torchmf@ml-20m:
    cmd: python run-algo.py -d data/ml-20m-split -p ml-20m TorchMF
    deps:
    - path: data/ml-20m-split
      md5: b0cd4681f50b4e11c4ba40d36e71f351.dir
      size: 647220813
      nfiles: 10
    outs:
    - path: preds/ml-20m-TorchMF
      md5: 0914db218be7630b899f40e512c0f8d5.dir
      size: 11941503
      nfiles: 5
    - path: recs/ml-20m-TorchMF
      md5: 435976fd3a32e9cf55eb5be437b6da9b.dir
      size: 19776725
      nfiles: 5
  run-imf1@ml-20m:
    cmd: python run-algo.py -d data/ml-20m-split -p ml-20m TorchIMF1
    deps:
    - path: data/ml-20m-split
      md5: b0cd4681f50b4e11c4ba40d36e71f351.dir
      size: 647220813
      nfiles: 10
    outs:
    - path: recs/ml-20m-TorchIMF1
      md5: 3aac7b49ed4101e7a241da64eca912f0.dir
      size: 18739276
      nfiles: 5
  run-bpr@ml-latest-small:
    cmd: python run-algo.py -d data/ml-latest-small-split -p ml-latest-small BPR
    deps:
    - path: data/ml-latest-small-split
      md5: 80a2dd7a24400ecc193edda5e350054d.dir
      size: 4170563
      nfiles: 10
    outs:
    - path: recs/ml-latest-small-BPR
      md5: 9f5af3e9c62c52bddfb253fc98667da8.dir
      size: 117127
      nfiles: 5
  run-samp-lmf@ml-latest-small:
    cmd: python run-algo.py -d data/ml-latest-small-split -p ml-latest-small SampLMF
    deps:
    - path: data/ml-latest-small-split
      md5: 80a2dd7a24400ecc193edda5e350054d.dir
      size: 4170563
      nfiles: 10
    outs:
    - path: recs/ml-latest-small-SampLMF
      md5: 644ec00bab26104eaffd5e53a24d9e85.dir
      size: 116909
  run-samp-lmf@ml-20m:
    cmd: python run-algo.py -d data/ml-20m-split -p ml-20m SampLMF
    deps:
    - path: data/ml-20m-split
      md5: b0cd4681f50b4e11c4ba40d36e71f351.dir
      size: 647220813
      nfiles: 10
    outs:
    - path: recs/ml-20m-SampLMF
      md5: 0b14c15a1535db4acb012b3b4823bca7.dir
      size: 19434533
      nfiles: 5
